
Microsoft Visual Studio Solution File, Format Version 12.00
# Visual Studio Version 16
VisualStudioVersion = 16.0.30611.23
MinimumVisualStudioVersion = 10.0.40219.1
Project("{FAE04EC0-301F-11D3-BF4B-00C04F79EFBC}") = "Caesar_Cipher", "Ceasar_Cipher\Caesar_Cipher.csproj", "{19AEC61D-F411-443B-B45B-7BCFB5D24E1B}"
EndProject
Project("{FAE04EC0-301F-11D3-BF4B-00C04F79EFBC}") = "Caesar_CipherTests", "Caesar_CipherTests\Caesar_CipherTests.csproj", "{FB4CEB76-5614-4712-8CDD-831246F66608}"
EndProject
Global
	GlobalSection(SolutionConfigurationPlatforms) = preSolution
		Debug|Any CPU = Debug|Any CPU
		Release|Any CPU = Release|Any CPU
	EndGlobalSection
	GlobalSection(ProjectConfigurationPlatforms) = postSolution
		{19AEC61D-F411-443B-B45B-7BCFB5D24E1B}.Debug|Any CPU.ActiveCfg = Debug|Any CPU
		{19AEC61D-F411-443B-B45B-7BCFB5D24E1B}.Debug|Any CPU.Build.0 = Debug|Any CPU
		{19AEC61D-F411-443B-B45B-7BCFB5D24E1B}.Release|Any CPU.ActiveCfg = Release|Any CPU
		{19AEC61D-F411-443B-B45B-7BCFB5D24E1B}.Release|Any CPU.Build.0 = Release|Any CPU
		{FB4CEB76-5614-4712-8CDD-831246F66608}.Debug|Any CPU.ActiveCfg = Debug|Any CPU
		{FB4CEB76-5614-4712-8CDD-831246F66608}.Debug|Any CPU.Build.0 = Debug|Any CPU
		{FB4CEB76-5614-4712-8CDD-831246F66608}.Release|Any CPU.ActiveCfg = Release|Any CPU
		{FB4CEB76-5614-4712-8CDD-831246F66608}.Release|Any CPU.Build.0 = Release|Any CPU
	EndGlobalSection
	GlobalSection(SolutionProperties) = preSolution
		HideSolutionNode = FALSE
	EndGlobalSection
	GlobalSection(ExtensibilityGlobals) = postSolution
		SolutionGuid = {CADABED7-D1FA-42E7-A828-657D710B98A4}
	EndGlobalSection
EndGlobal
